
Microsoft Visual Studio Solution File, Format Version 12.00
# Visual Studio Version 16
VisualStudioVersion = 16.0.29728.190
MinimumVisualStudioVersion = 10.0.40219.1
Project("{FAE04EC0-301F-11D3-BF4B-00C04F79EFBC}") = "Eterra Framework for Windows", "Eterra.Platforms.Windows\Eterra Framework for Windows.csproj", "{39D45BE7-E33D-4A74-A864-89F242CE035E}"
EndProject
Project("{2150E333-8FDC-42A3-9474-1A3956D46DE8}") = "Solution Items", "Solution Items", "{02E29F65-1706-433D-903C-D08E332DCC85}"
	ProjectSection(SolutionItems) = preProject
		ABOUT-3RD-PARTY.txt = ABOUT-3RD-PARTY.txt
		ABOUT.txt = ABOUT.txt
		LICENSE.txt = LICENSE.txt
		README.md = README.md
	EndProjectSection
EndProject
Project("{FAE04EC0-301F-11D3-BF4B-00C04F79EFBC}") = "Eterra Framework", "..\Eterra\Eterra\Eterra Framework.csproj", "{9B9BB34B-8F8E-454C-8219-5E554EB35FDE}"
EndProject
Global
	GlobalSection(SolutionConfigurationPlatforms) = preSolution
		Debug|Any CPU = Debug|Any CPU
		Release|Any CPU = Release|Any CPU
	EndGlobalSection
	GlobalSection(ProjectConfigurationPlatforms) = postSolution
		{39D45BE7-E33D-4A74-A864-89F242CE035E}.Debug|Any CPU.ActiveCfg = Debug|Any CPU
		{39D45BE7-E33D-4A74-A864-89F242CE035E}.Debug|Any CPU.Build.0 = Debug|Any CPU
		{39D45BE7-E33D-4A74-A864-89F242CE035E}.Release|Any CPU.ActiveCfg = Release|Any CPU
		{39D45BE7-E33D-4A74-A864-89F242CE035E}.Release|Any CPU.Build.0 = Release|Any CPU
		{9B9BB34B-8F8E-454C-8219-5E554EB35FDE}.Debug|Any CPU.ActiveCfg = Debug|Any CPU
		{9B9BB34B-8F8E-454C-8219-5E554EB35FDE}.Debug|Any CPU.Build.0 = Debug|Any CPU
		{9B9BB34B-8F8E-454C-8219-5E554EB35FDE}.Release|Any CPU.ActiveCfg = Release|Any CPU
		{9B9BB34B-8F8E-454C-8219-5E554EB35FDE}.Release|Any CPU.Build.0 = Release|Any CPU
	EndGlobalSection
	GlobalSection(SolutionProperties) = preSolution
		HideSolutionNode = FALSE
	EndGlobalSection
	GlobalSection(ExtensibilityGlobals) = postSolution
		SolutionGuid = {5EA27348-29B0-43C0-8A94-DBA5A3149D4A}
	EndGlobalSection
EndGlobal
